
Microsoft Visual Studio Solution File, Format Version 12.00
# Visual Studio 15
VisualStudioVersion = 15.0.28307.168
MinimumVisualStudioVersion = 10.0.40219.1
Project("{FAE04EC0-301F-11D3-BF4B-00C04F79EFBC}") = "ITSupportTicket", "ITSupportTicket\ITSupportTicket.csproj", "{B54B5E69-2CC3-4E4E-BE9C-55B7E4B80084}"
EndProject
Global
	GlobalSection(SolutionConfigurationPlatforms) = preSolution
		Debug|Any CPU = Debug|Any CPU
		Release|Any CPU = Release|Any CPU
	EndGlobalSection
	GlobalSection(ProjectConfigurationPlatforms) = postSolution
		{B54B5E69-2CC3-4E4E-BE9C-55B7E4B80084}.Debug|Any CPU.ActiveCfg = Debug|Any CPU
		{B54B5E69-2CC3-4E4E-BE9C-55B7E4B80084}.Debug|Any CPU.Build.0 = Debug|Any CPU
		{B54B5E69-2CC3-4E4E-BE9C-55B7E4B80084}.Release|Any CPU.ActiveCfg = Release|Any CPU
		{B54B5E69-2CC3-4E4E-BE9C-55B7E4B80084}.Release|Any CPU.Build.0 = Release|Any CPU
	EndGlobalSection
	GlobalSection(SolutionProperties) = preSolution
		HideSolutionNode = FALSE
	EndGlobalSection
	GlobalSection(ExtensibilityGlobals) = postSolution
		SolutionGuid = {F15FD0FF-5809-4760-93B7-913388CDDDFE}
	EndGlobalSection
EndGlobal
